// !$*UTF8*$!
{
	archiveVersion = 1;
	classes = {
	};
	objectVersion = 46;
	objects = {

/* Begin PBXBuildFile section */
		6125EBCC1A389025006CC195 /* StartScene.swift in Sources */ = {isa = PBXBuildFile; fileRef = 6125EBCB1A389025006CC195 /* StartScene.swift */; };
		6125EBD01A389073006CC195 /* StartScene.sks in Resources */ = {isa = PBXBuildFile; fileRef = 6125EBCF1A389073006CC195 /* StartScene.sks */; };
		6136E59A1A3D71D500BDD163 /* GameKit.framework in Frameworks */ = {isa = PBXBuildFile; fileRef = 6136E5991A3D71D500BDD163 /* GameKit.framework */; };
		613D19E61A65629E00FDE9E4 /* AdSupport.framework in Frameworks */ = {isa = PBXBuildFile; fileRef = 613D19E51A65629E00FDE9E4 /* AdSupport.framework */; };
		613D19E81A6562A800FDE9E4 /* AudioToolbox.framework in Frameworks */ = {isa = PBXBuildFile; fileRef = 613D19E71A6562A800FDE9E4 /* AudioToolbox.framework */; };
		613D19EA1A6562B600FDE9E4 /* CoreGraphics.framework in Frameworks */ = {isa = PBXBuildFile; fileRef = 613D19E91A6562B600FDE9E4 /* CoreGraphics.framework */; };
		613D19EC1A6562BE00FDE9E4 /* CoreTelephony.framework in Frameworks */ = {isa = PBXBuildFile; fileRef = 613D19EB1A6562BE00FDE9E4 /* CoreTelephony.framework */; };
		613D19EE1A6562CB00FDE9E4 /* EventKit.framework in Frameworks */ = {isa = PBXBuildFile; fileRef = 613D19ED1A6562CB00FDE9E4 /* EventKit.framework */; };
		613D19F01A6562D100FDE9E4 /* EventKitUI.framework in Frameworks */ = {isa = PBXBuildFile; fileRef = 613D19EF1A6562D100FDE9E4 /* EventKitUI.framework */; };
		613D19F21A6562DB00FDE9E4 /* MessageUI.framework in Frameworks */ = {isa = PBXBuildFile; fileRef = 613D19F11A6562DB00FDE9E4 /* MessageUI.framework */; };
		613D19F31A6562E200FDE9E4 /* StoreKit.framework in Frameworks */ = {isa = PBXBuildFile; fileRef = 61C125561A407EB100F66ED5 /* StoreKit.framework */; };
		615932BF1A3C966A0093B827 /* Social.framework in Frameworks */ = {isa = PBXBuildFile; fileRef = 615932BE1A3C966A0093B827 /* Social.framework */; };
		618086621A3F0D35004F540A /* iAd.framework in Frameworks */ = {isa = PBXBuildFile; fileRef = 618086611A3F0D35004F540A /* iAd.framework */; };
		61883B671A62E3AA00D1497F /* libGoogleAdMobAds.a in Frameworks */ = {isa = PBXBuildFile; fileRef = 61883B651A62E3AA00D1497F /* libGoogleAdMobAds.a */; };
		61883B681A62E3AA00D1497F /* README.txt in Resources */ = {isa = PBXBuildFile; fileRef = 61883B661A62E3AA00D1497F /* README.txt */; };
		61A7FD711A2F5FDB00F410BA /* AppDelegate.swift in Sources */ = {isa = PBXBuildFile; fileRef = 61A7FD701A2F5FDB00F410BA /* AppDelegate.swift */; };
		61A7FD731A2F5FDB00F410BA /* GameScene.sks in Resources */ = {isa = PBXBuildFile; fileRef = 61A7FD721A2F5FDB00F410BA /* GameScene.sks */; };
		61A7FD751A2F5FDB00F410BA /* GameScene.swift in Sources */ = {isa = PBXBuildFile; fileRef = 61A7FD741A2F5FDB00F410BA /* GameScene.swift */; };
		61A7FD771A2F5FDB00F410BA /* GameViewController.swift in Sources */ = {isa = PBXBuildFile; fileRef = 61A7FD761A2F5FDB00F410BA /* GameViewController.swift */; };
		61A7FD7A1A2F5FDC00F410BA /* Main.storyboard in Resources */ = {isa = PBXBuildFile; fileRef = 61A7FD781A2F5FDC00F410BA /* Main.storyboard */; };
		61A7FD7C1A2F5FDC00F410BA /* Images.xcassets in Resources */ = {isa = PBXBuildFile; fileRef = 61A7FD7B1A2F5FDC00F410BA /* Images.xcassets */; };
		61A7FD8B1A2F5FDC00F410BA /* PENDREAMTests.swift in Sources */ = {isa = PBXBuildFile; fileRef = 61A7FD8A1A2F5FDC00F410BA /* PENDREAMTests.swift */; };
		61F217C11A4EED3C0099AA3D /* bgm.mp3 in Resources */ = {isa = PBXBuildFile; fileRef = 61F217BB1A4EED3C0099AA3D /* bgm.mp3 */; };
		61F217C21A4EED3C0099AA3D /* collision.mp3 in Resources */ = {isa = PBXBuildFile; fileRef = 61F217BC1A4EED3C0099AA3D /* collision.mp3 */; };
		61F217C31A4EED3C0099AA3D /* falling.mp3 in Resources */ = {isa = PBXBuildFile; fileRef = 61F217BD1A4EED3C0099AA3D /* falling.mp3 */; };
		61F217C41A4EED3C0099AA3D /* fallingvoice.mp3 in Resources */ = {isa = PBXBuildFile; fileRef = 61F217BE1A4EED3C0099AA3D /* fallingvoice.mp3 */; };
		61F217C51A4EED3C0099AA3D /* foldpaper.mp3 in Resources */ = {isa = PBXBuildFile; fileRef = 61F217BF1A4EED3C0099AA3D /* foldpaper.mp3 */; };
		61F217C61A4EED3C0099AA3D /* tap.mp3 in Resources */ = {isa = PBXBuildFile; fileRef = 61F217C01A4EED3C0099AA3D /* tap.mp3 */; };
		61F217C81A4EED930099AA3D /* Sound.swift in Sources */ = {isa = PBXBuildFile; fileRef = 61F217C71A4EED930099AA3D /* Sound.swift */; };
		61F217CA1A4EEE180099AA3D /* AVFoundation.framework in Frameworks */ = {isa = PBXBuildFile; fileRef = 61F217C91A4EEE180099AA3D /* AVFoundation.framework */; };
		61F217CE1A4FBA500099AA3D /* libFlurry_6.0.0.a in Frameworks */ = {isa = PBXBuildFile; fileRef = 61F217CD1A4FBA500099AA3D /* libFlurry_6.0.0.a */; };
		61F217D01A4FBB790099AA3D /* SystemConfiguration.framework in Frameworks */ = {isa = PBXBuildFile; fileRef = 61F217CF1A4FBB790099AA3D /* SystemConfiguration.framework */; };
		61F217D71A4FBE370099AA3D /* Strings.swift in Sources */ = {isa = PBXBuildFile; fileRef = 61F217D61A4FBE370099AA3D /* Strings.swift */; };
/* End PBXBuildFile section */

/* Begin PBXContainerItemProxy section */
		61A7FD851A2F5FDC00F410BA /* PBXContainerItemProxy */ = {
			isa = PBXContainerItemProxy;
			containerPortal = 61A7FD631A2F5FDB00F410BA /* Project object */;
			proxyType = 1;
			remoteGlobalIDString = 61A7FD6A1A2F5FDB00F410BA;
			remoteInfo = PENDREAM;
		};
/* End PBXContainerItemProxy section */

/* Begin PBXFileReference section */
		6125EBCB1A389025006CC195 /* StartScene.swift */ = {isa = PBXFileReference; fileEncoding = 4; lastKnownFileType = sourcecode.swift; path = StartScene.swift; sourceTree = "<group>"; };
		6125EBCF1A389073006CC195 /* StartScene.sks */ = {isa = PBXFileReference; lastKnownFileType = file.sks; path = StartScene.sks; sourceTree = "<group>"; };
		6136E5991A3D71D500BDD163 /* GameKit.framework */ = {isa = PBXFileReference; lastKnownFileType = wrapper.framework; name = GameKit.framework; path = System/Library/Frameworks/GameKit.framework; sourceTree = SDKROOT; };
		613D19E51A65629E00FDE9E4 /* AdSupport.framework */ = {isa = PBXFileReference; lastKnownFileType = wrapper.framework; name = AdSupport.framework; path = System/Library/Frameworks/AdSupport.framework; sourceTree = SDKROOT; };
		613D19E71A6562A800FDE9E4 /* AudioToolbox.framework */ = {isa = PBXFileReference; lastKnownFileType = wrapper.framework; name = AudioToolbox.framework; path = System/Library/Frameworks/AudioToolbox.framework; sourceTree = SDKROOT; };
		613D19E91A6562B600FDE9E4 /* CoreGraphics.framework */ = {isa = PBXFileReference; lastKnownFileType = wrapper.framework; name = CoreGraphics.framework; path = System/Library/Frameworks/CoreGraphics.framework; sourceTree = SDKROOT; };
		613D19EB1A6562BE00FDE9E4 /* CoreTelephony.framework */ = {isa = PBXFileReference; lastKnownFileType = wrapper.framework; name = CoreTelephony.framework; path = System/Library/Frameworks/CoreTelephony.framework; sourceTree = SDKROOT; };
		613D19ED1A6562CB00FDE9E4 /* EventKit.framework */ = {isa = PBXFileReference; lastKnownFileType = wrapper.framework; name = EventKit.framework; path = System/Library/Frameworks/EventKit.framework; sourceTree = SDKROOT; };
		613D19EF1A6562D100FDE9E4 /* EventKitUI.framework */ = {isa = PBXFileReference; lastKnownFileType = wrapper.framework; name = EventKitUI.framework; path = System/Library/Frameworks/EventKitUI.framework; sourceTree = SDKROOT; };
		613D19F11A6562DB00FDE9E4 /* MessageUI.framework */ = {isa = PBXFileReference; lastKnownFileType = wrapper.framework; name = MessageUI.framework; path = System/Library/Frameworks/MessageUI.framework; sourceTree = SDKROOT; };
		615932BE1A3C966A0093B827 /* Social.framework */ = {isa = PBXFileReference; lastKnownFileType = wrapper.framework; name = Social.framework; path = System/Library/Frameworks/Social.framework; sourceTree = SDKROOT; };
		618086611A3F0D35004F540A /* iAd.framework */ = {isa = PBXFileReference; lastKnownFileType = wrapper.framework; name = iAd.framework; path = System/Library/Frameworks/iAd.framework; sourceTree = SDKROOT; };
		61883B591A62E3AA00D1497F /* GADAdMobExtras.h */ = {isa = PBXFileReference; fileEncoding = 4; lastKnownFileType = sourcecode.c.h; path = GADAdMobExtras.h; sourceTree = "<group>"; };
		61883B5A1A62E3AA00D1497F /* GADAdNetworkExtras.h */ = {isa = PBXFileReference; fileEncoding = 4; lastKnownFileType = sourcecode.c.h; path = GADAdNetworkExtras.h; sourceTree = "<group>"; };
		61883B5B1A62E3AA00D1497F /* GADAdSize.h */ = {isa = PBXFileReference; fileEncoding = 4; lastKnownFileType = sourcecode.c.h; path = GADAdSize.h; sourceTree = "<group>"; };
		61883B5C1A62E3AA00D1497F /* GADBannerView.h */ = {isa = PBXFileReference; fileEncoding = 4; lastKnownFileType = sourcecode.c.h; path = GADBannerView.h; sourceTree = "<group>"; };
		61883B5D1A62E3AA00D1497F /* GADBannerViewDelegate.h */ = {isa = PBXFileReference; fileEncoding = 4; lastKnownFileType = sourcecode.c.h; path = GADBannerViewDelegate.h; sourceTree = "<group>"; };
		61883B5E1A62E3AA00D1497F /* GADInAppPurchase.h */ = {isa = PBXFileReference; fileEncoding = 4; lastKnownFileType = sourcecode.c.h; path = GADInAppPurchase.h; sourceTree = "<group>"; };
		61883B5F1A62E3AA00D1497F /* GADInAppPurchaseDelegate.h */ = {isa = PBXFileReference; fileEncoding = 4; lastKnownFileType = sourcecode.c.h; path = GADInAppPurchaseDelegate.h; sourceTree = "<group>"; };
		61883B601A62E3AA00D1497F /* GADInterstitial.h */ = {isa = PBXFileReference; fileEncoding = 4; lastKnownFileType = sourcecode.c.h; path = GADInterstitial.h; sourceTree = "<group>"; };
		61883B611A62E3AA00D1497F /* GADInterstitialDelegate.h */ = {isa = PBXFileReference; fileEncoding = 4; lastKnownFileType = sourcecode.c.h; path = GADInterstitialDelegate.h; sourceTree = "<group>"; };
		61883B621A62E3AA00D1497F /* GADModules.h */ = {isa = PBXFileReference; fileEncoding = 4; lastKnownFileType = sourcecode.c.h; path = GADModules.h; sourceTree = "<group>"; };
		61883B631A62E3AA00D1497F /* GADRequest.h */ = {isa = PBXFileReference; fileEncoding = 4; lastKnownFileType = sourcecode.c.h; path = GADRequest.h; sourceTree = "<group>"; };
		61883B641A62E3AA00D1497F /* GADRequestError.h */ = {isa = PBXFileReference; fileEncoding = 4; lastKnownFileType = sourcecode.c.h; path = GADRequestError.h; sourceTree = "<group>"; };
		61883B651A62E3AA00D1497F /* libGoogleAdMobAds.a */ = {isa = PBXFileReference; lastKnownFileType = archive.ar; path = libGoogleAdMobAds.a; sourceTree = "<group>"; };
		61883B661A62E3AA00D1497F /* README.txt */ = {isa = PBXFileReference; fileEncoding = 4; lastKnownFileType = text; path = README.txt; sourceTree = "<group>"; };
		61A7FD6B1A2F5FDB00F410BA /* PENDREAM.app */ = {isa = PBXFileReference; explicitFileType = wrapper.application; includeInIndex = 0; path = PENDREAM.app; sourceTree = BUILT_PRODUCTS_DIR; };
		61A7FD6F1A2F5FDB00F410BA /* Info.plist */ = {isa = PBXFileReference; lastKnownFileType = text.plist.xml; path = Info.plist; sourceTree = "<group>"; };
		61A7FD701A2F5FDB00F410BA /* AppDelegate.swift */ = {isa = PBXFileReference; lastKnownFileType = sourcecode.swift; path = AppDelegate.swift; sourceTree = "<group>"; };
		61A7FD721A2F5FDB00F410BA /* GameScene.sks */ = {isa = PBXFileReference; lastKnownFileType = file.sks; path = GameScene.sks; sourceTree = "<group>"; };
		61A7FD741A2F5FDB00F410BA /* GameScene.swift */ = {isa = PBXFileReference; lastKnownFileType = sourcecode.swift; path = GameScene.swift; sourceTree = "<group>"; };
		61A7FD761A2F5FDB00F410BA /* GameViewController.swift */ = {isa = PBXFileReference; lastKnownFileType = sourcecode.swift; path = GameViewController.swift; sourceTree = "<group>"; };
		61A7FD791A2F5FDC00F410BA /* Base */ = {isa = PBXFileReference; lastKnownFileType = file.storyboard; name = Base; path = Base.lproj/Main.storyboard; sourceTree = "<group>"; };
		61A7FD7B1A2F5FDC00F410BA /* Images.xcassets */ = {isa = PBXFileReference; lastKnownFileType = folder.assetcatalog; path = Images.xcassets; sourceTree = "<group>"; };
		61A7FD841A2F5FDC00F410BA /* PENDREAMTests.xctest */ = {isa = PBXFileReference; explicitFileType = wrapper.cfbundle; includeInIndex = 0; path = PENDREAMTests.xctest; sourceTree = BUILT_PRODUCTS_DIR; };
		61A7FD891A2F5FDC00F410BA /* Info.plist */ = {isa = PBXFileReference; lastKnownFileType = text.plist.xml; path = Info.plist; sourceTree = "<group>"; };
		61A7FD8A1A2F5FDC00F410BA /* PENDREAMTests.swift */ = {isa = PBXFileReference; lastKnownFileType = sourcecode.swift; path = PENDREAMTests.swift; sourceTree = "<group>"; };
		61C125561A407EB100F66ED5 /* StoreKit.framework */ = {isa = PBXFileReference; lastKnownFileType = wrapper.framework; name = StoreKit.framework; path = System/Library/Frameworks/StoreKit.framework; sourceTree = SDKROOT; };
		61F217BB1A4EED3C0099AA3D /* bgm.mp3 */ = {isa = PBXFileReference; lastKnownFileType = audio.mp3; path = bgm.mp3; sourceTree = "<group>"; };
		61F217BC1A4EED3C0099AA3D /* collision.mp3 */ = {isa = PBXFileReference; lastKnownFileType = audio.mp3; path = collision.mp3; sourceTree = "<group>"; };
		61F217BD1A4EED3C0099AA3D /* falling.mp3 */ = {isa = PBXFileReference; lastKnownFileType = audio.mp3; path = falling.mp3; sourceTree = "<group>"; };
		61F217BE1A4EED3C0099AA3D /* fallingvoice.mp3 */ = {isa = PBXFileReference; lastKnownFileType = audio.mp3; path = fallingvoice.mp3; sourceTree = "<group>"; };
		61F217BF1A4EED3C0099AA3D /* foldpaper.mp3 */ = {isa = PBXFileReference; lastKnownFileType = audio.mp3; path = foldpaper.mp3; sourceTree = "<group>"; };
		61F217C01A4EED3C0099AA3D /* tap.mp3 */ = {isa = PBXFileReference; lastKnownFileType = audio.mp3; path = tap.mp3; sourceTree = "<group>"; };
		61F217C71A4EED930099AA3D /* Sound.swift */ = {isa = PBXFileReference; fileEncoding = 4; lastKnownFileType = sourcecode.swift; path = Sound.swift; sourceTree = "<group>"; };
		61F217C91A4EEE180099AA3D /* AVFoundation.framework */ = {isa = PBXFileReference; lastKnownFileType = wrapper.framework; name = AVFoundation.framework; path = System/Library/Frameworks/AVFoundation.framework; sourceTree = SDKROOT; };
		61F217CC1A4FBA500099AA3D /* Flurry.h */ = {isa = PBXFileReference; fileEncoding = 4; lastKnownFileType = sourcecode.c.h; path = Flurry.h; sourceTree = "<group>"; };
		61F217CD1A4FBA500099AA3D /* libFlurry_6.0.0.a */ = {isa = PBXFileReference; lastKnownFileType = archive.ar; path = libFlurry_6.0.0.a; sourceTree = "<group>"; };
		61F217CF1A4FBB790099AA3D /* SystemConfiguration.framework */ = {isa = PBXFileReference; lastKnownFileType = wrapper.framework; name = SystemConfiguration.framework; path = System/Library/Frameworks/SystemConfiguration.framework; sourceTree = SDKROOT; };
		61F217D51A4FBD430099AA3D /* BridgeHeader.h */ = {isa = PBXFileReference; lastKnownFileType = sourcecode.c.h; path = BridgeHeader.h; sourceTree = "<group>"; };
		61F217D61A4FBE370099AA3D /* Strings.swift */ = {isa = PBXFileReference; fileEncoding = 4; lastKnownFileType = sourcecode.swift; path = Strings.swift; sourceTree = "<group>"; };
/* End PBXFileReference section */

/* Begin PBXFrameworksBuildPhase section */
		61A7FD681A2F5FDB00F410BA /* Frameworks */ = {
			isa = PBXFrameworksBuildPhase;
			buildActionMask = 2147483647;
			files = (
				61F217D01A4FBB790099AA3D /* SystemConfiguration.framework in Frameworks */,
				613D19F31A6562E200FDE9E4 /* StoreKit.framework in Frameworks */,
				613D19F21A6562DB00FDE9E4 /* MessageUI.framework in Frameworks */,
				613D19F01A6562D100FDE9E4 /* EventKitUI.framework in Frameworks */,
				613D19EE1A6562CB00FDE9E4 /* EventKit.framework in Frameworks */,
				613D19EC1A6562BE00FDE9E4 /* CoreTelephony.framework in Frameworks */,
				613D19EA1A6562B600FDE9E4 /* CoreGraphics.framework in Frameworks */,
				613D19E81A6562A800FDE9E4 /* AudioToolbox.framework in Frameworks */,
				613D19E61A65629E00FDE9E4 /* AdSupport.framework in Frameworks */,
				61F217CA1A4EEE180099AA3D /* AVFoundation.framework in Frameworks */,
				618086621A3F0D35004F540A /* iAd.framework in Frameworks */,
				6136E59A1A3D71D500BDD163 /* GameKit.framework in Frameworks */,
				61883B671A62E3AA00D1497F /* libGoogleAdMobAds.a in Frameworks */,
				61F217CE1A4FBA500099AA3D /* libFlurry_6.0.0.a in Frameworks */,
				615932BF1A3C966A0093B827 /* Social.framework in Frameworks */,
			);
			runOnlyForDeploymentPostprocessing = 0;
		};
		61A7FD811A2F5FDC00F410BA /* Frameworks */ = {
			isa = PBXFrameworksBuildPhase;
			buildActionMask = 2147483647;
			files = (
			);
			runOnlyForDeploymentPostprocessing = 0;
		};
/* End PBXFrameworksBuildPhase section */

/* Begin PBXGroup section */
		61883B691A62E3B400D1497F /* AdMob */ = {
			isa = PBXGroup;
			children = (
				61883B591A62E3AA00D1497F /* GADAdMobExtras.h */,
				61883B5A1A62E3AA00D1497F /* GADAdNetworkExtras.h */,
				61883B5B1A62E3AA00D1497F /* GADAdSize.h */,
				61883B5C1A62E3AA00D1497F /* GADBannerView.h */,
				61883B5D1A62E3AA00D1497F /* GADBannerViewDelegate.h */,
				61883B5E1A62E3AA00D1497F /* GADInAppPurchase.h */,
				61883B5F1A62E3AA00D1497F /* GADInAppPurchaseDelegate.h */,
				61883B601A62E3AA00D1497F /* GADInterstitial.h */,
				61883B611A62E3AA00D1497F /* GADInterstitialDelegate.h */,
				61883B621A62E3AA00D1497F /* GADModules.h */,
				61883B631A62E3AA00D1497F /* GADRequest.h */,
				61883B641A62E3AA00D1497F /* GADRequestError.h */,
				61883B651A62E3AA00D1497F /* libGoogleAdMobAds.a */,
				61883B661A62E3AA00D1497F /* README.txt */,
			);
			name = AdMob;
			sourceTree = "<group>";
		};
		61A7FD621A2F5FDB00F410BA = {
			isa = PBXGroup;
			children = (
				613D19F11A6562DB00FDE9E4 /* MessageUI.framework */,
				613D19EF1A6562D100FDE9E4 /* EventKitUI.framework */,
				613D19ED1A6562CB00FDE9E4 /* EventKit.framework */,
				613D19EB1A6562BE00FDE9E4 /* CoreTelephony.framework */,
				613D19E91A6562B600FDE9E4 /* CoreGraphics.framework */,
				613D19E71A6562A800FDE9E4 /* AudioToolbox.framework */,
				613D19E51A65629E00FDE9E4 /* AdSupport.framework */,
				61A7FD6D1A2F5FDB00F410BA /* PENDREAM */,
				61A7FD871A2F5FDC00F410BA /* PENDREAMTests */,
				61A7FD6C1A2F5FDB00F410BA /* Products */,
			);
			sourceTree = "<group>";
		};
		61A7FD6C1A2F5FDB00F410BA /* Products */ = {
			isa = PBXGroup;
			children = (
				61A7FD6B1A2F5FDB00F410BA /* PENDREAM.app */,
				61A7FD841A2F5FDC00F410BA /* PENDREAMTests.xctest */,
			);
			name = Products;
			sourceTree = "<group>";
		};
		61A7FD6D1A2F5FDB00F410BA /* PENDREAM */ = {
			isa = PBXGroup;
			children = (
				61F217D51A4FBD430099AA3D /* BridgeHeader.h */,
				61A7FD701A2F5FDB00F410BA /* AppDelegate.swift */,
				61A7FD721A2F5FDB00F410BA /* GameScene.sks */,
				61A7FD741A2F5FDB00F410BA /* GameScene.swift */,
				6125EBCF1A389073006CC195 /* StartScene.sks */,
				6125EBCB1A389025006CC195 /* StartScene.swift */,
				61A7FD761A2F5FDB00F410BA /* GameViewController.swift */,
				61F217C71A4EED930099AA3D /* Sound.swift */,
				61F217D61A4FBE370099AA3D /* Strings.swift */,
				61A7FD781A2F5FDC00F410BA /* Main.storyboard */,
				61A7FD7B1A2F5FDC00F410BA /* Images.xcassets */,
				61F217CB1A4FBA500099AA3D /* Flurry */,
				61A7FD6E1A2F5FDB00F410BA /* Supporting Files */,
			);
			path = PENDREAM;
			sourceTree = "<group>";
		};
		61A7FD6E1A2F5FDB00F410BA /* Supporting Files */ = {
			isa = PBXGroup;
			children = (
				61883B691A62E3B400D1497F /* AdMob */,
				61F217CF1A4FBB790099AA3D /* SystemConfiguration.framework */,
				61F217C91A4EEE180099AA3D /* AVFoundation.framework */,
				61C125561A407EB100F66ED5 /* StoreKit.framework */,
				618086611A3F0D35004F540A /* iAd.framework */,
				6136E5991A3D71D500BDD163 /* GameKit.framework */,
				615932BE1A3C966A0093B827 /* Social.framework */,
				61F217BB1A4EED3C0099AA3D /* bgm.mp3 */,
				61F217BC1A4EED3C0099AA3D /* collision.mp3 */,
				61F217BD1A4EED3C0099AA3D /* falling.mp3 */,
				61F217BE1A4EED3C0099AA3D /* fallingvoice.mp3 */,
				61F217BF1A4EED3C0099AA3D /* foldpaper.mp3 */,
				61F217C01A4EED3C0099AA3D /* tap.mp3 */,
				61A7FD6F1A2F5FDB00F410BA /* Info.plist */,
			);
			name = "Supporting Files";
			sourceTree = "<group>";
		};
		61A7FD871A2F5FDC00F410BA /* PENDREAMTests */ = {
			isa = PBXGroup;
			children = (
				61A7FD8A1A2F5FDC00F410BA /* PENDREAMTests.swift */,
				61A7FD881A2F5FDC00F410BA /* Supporting Files */,
			);
			path = PENDREAMTests;
			sourceTree = "<group>";
		};
		61A7FD881A2F5FDC00F410BA /* Supporting Files */ = {
			isa = PBXGroup;
			children = (
				61A7FD891A2F5FDC00F410BA /* Info.plist */,
			);
			name = "Supporting Files";
			sourceTree = "<group>";
		};
		61F217CB1A4FBA500099AA3D /* Flurry */ = {
			isa = PBXGroup;
			children = (
				61F217CC1A4FBA500099AA3D /* Flurry.h */,
				61F217CD1A4FBA500099AA3D /* libFlurry_6.0.0.a */,
			);
			path = Flurry;
			sourceTree = "<group>";
		};
/* End PBXGroup section */

/* Begin PBXNativeTarget section */
		61A7FD6A1A2F5FDB00F410BA /* PENDREAM */ = {
			isa = PBXNativeTarget;
			buildConfigurationList = 61A7FD8E1A2F5FDC00F410BA /* Build configuration list for PBXNativeTarget "PENDREAM" */;
			buildPhases = (
				61A7FD671A2F5FDB00F410BA /* Sources */,
				61A7FD681A2F5FDB00F410BA /* Frameworks */,
				61A7FD691A2F5FDB00F410BA /* Resources */,
			);
			buildRules = (
			);
			dependencies = (
			);
			name = PENDREAM;
			productName = PENDREAM;
			productReference = 61A7FD6B1A2F5FDB00F410BA /* PENDREAM.app */;
			productType = "com.apple.product-type.application";
		};
		61A7FD831A2F5FDC00F410BA /* PENDREAMTests */ = {
			isa = PBXNativeTarget;
			buildConfigurationList = 61A7FD911A2F5FDC00F410BA /* Build configuration list for PBXNativeTarget "PENDREAMTests" */;
			buildPhases = (
				61A7FD801A2F5FDC00F410BA /* Sources */,
				61A7FD811A2F5FDC00F410BA /* Frameworks */,
				61A7FD821A2F5FDC00F410BA /* Resources */,
			);
			buildRules = (
			);
			dependencies = (
				61A7FD861A2F5FDC00F410BA /* PBXTargetDependency */,
			);
			name = PENDREAMTests;
			productName = PENDREAMTests;
			productReference = 61A7FD841A2F5FDC00F410BA /* PENDREAMTests.xctest */;
			productType = "com.apple.product-type.bundle.unit-test";
		};
/* End PBXNativeTarget section */

/* Begin PBXProject section */
		61A7FD631A2F5FDB00F410BA /* Project object */ = {
			isa = PBXProject;
			attributes = {
				LastUpgradeCheck = 0610;
				ORGANIZATIONNAME = ukn;
				TargetAttributes = {
					61A7FD6A1A2F5FDB00F410BA = {
						CreatedOnToolsVersion = 6.1;
						DevelopmentTeam = 9JG6KM6VAX;
						SystemCapabilities = {
							com.apple.InAppPurchase = {
								enabled = 1;
							};
						};
					};
					61A7FD831A2F5FDC00F410BA = {
						CreatedOnToolsVersion = 6.1;
						TestTargetID = 61A7FD6A1A2F5FDB00F410BA;
					};
				};
			};
			buildConfigurationList = 61A7FD661A2F5FDB00F410BA /* Build configuration list for PBXProject "PENDREAM" */;
			compatibilityVersion = "Xcode 3.2";
			developmentRegion = English;
			hasScannedForEncodings = 0;
			knownRegions = (
				en,
				Base,
			);
			mainGroup = 61A7FD621A2F5FDB00F410BA;
			productRefGroup = 61A7FD6C1A2F5FDB00F410BA /* Products */;
			projectDirPath = "";
			projectRoot = "";
			targets = (
				61A7FD6A1A2F5FDB00F410BA /* PENDREAM */,
				61A7FD831A2F5FDC00F410BA /* PENDREAMTests */,
			);
		};
/* End PBXProject section */

/* Begin PBXResourcesBuildPhase section */
		61A7FD691A2F5FDB00F410BA /* Resources */ = {
			isa = PBXResourcesBuildPhase;
			buildActionMask = 2147483647;
			files = (
				61F217C41A4EED3C0099AA3D /* fallingvoice.mp3 in Resources */,
				61F217C21A4EED3C0099AA3D /* collision.mp3 in Resources */,
				61883B681A62E3AA00D1497F /* README.txt in Resources */,
				61A7FD7C1A2F5FDC00F410BA /* Images.xcassets in Resources */,
				61A7FD731A2F5FDB00F410BA /* GameScene.sks in Resources */,
				61F217C11A4EED3C0099AA3D /* bgm.mp3 in Resources */,
				6125EBD01A389073006CC195 /* StartScene.sks in Resources */,
				61F217C31A4EED3C0099AA3D /* falling.mp3 in Resources */,
				61F217C51A4EED3C0099AA3D /* foldpaper.mp3 in Resources */,
				61A7FD7A1A2F5FDC00F410BA /* Main.storyboard in Resources */,
				61F217C61A4EED3C0099AA3D /* tap.mp3 in Resources */,
			);
			runOnlyForDeploymentPostprocessing = 0;
		};
		61A7FD821A2F5FDC00F410BA /* Resources */ = {
			isa = PBXResourcesBuildPhase;
			buildActionMask = 2147483647;
			files = (
			);
			runOnlyForDeploymentPostprocessing = 0;
		};
/* End PBXResourcesBuildPhase section */

/* Begin PBXSourcesBuildPhase section */
		61A7FD671A2F5FDB00F410BA /* Sources */ = {
			isa = PBXSourcesBuildPhase;
			buildActionMask = 2147483647;
			files = (
				61F217C81A4EED930099AA3D /* Sound.swift in Sources */,
				61A7FD751A2F5FDB00F410BA /* GameScene.swift in Sources */,
				61A7FD771A2F5FDB00F410BA /* GameViewController.swift in Sources */,
				61A7FD711A2F5FDB00F410BA /* AppDelegate.swift in Sources */,
				61F217D71A4FBE370099AA3D /* Strings.swift in Sources */,
				6125EBCC1A389025006CC195 /* StartScene.swift in Sources */,
			);
			runOnlyForDeploymentPostprocessing = 0;
		};
		61A7FD801A2F5FDC00F410BA /* Sources */ = {
			isa = PBXSourcesBuildPhase;
			buildActionMask = 2147483647;
			files = (
				61A7FD8B1A2F5FDC00F410BA /* PENDREAMTests.swift in Sources */,
			);
			runOnlyForDeploymentPostprocessing = 0;
		};
/* End PBXSourcesBuildPhase section */

/* Begin PBXTargetDependency section */
		61A7FD861A2F5FDC00F410BA /* PBXTargetDependency */ = {
			isa = PBXTargetDependency;
			target = 61A7FD6A1A2F5FDB00F410BA /* PENDREAM */;
			targetProxy = 61A7FD851A2F5FDC00F410BA /* PBXContainerItemProxy */;
		};
/* End PBXTargetDependency section */

/* Begin PBXVariantGroup section */
		61A7FD781A2F5FDC00F410BA /* Main.storyboard */ = {
			isa = PBXVariantGroup;
			children = (
				61A7FD791A2F5FDC00F410BA /* Base */,
			);
			name = Main.storyboard;
			sourceTree = "<group>";
		};
/* End PBXVariantGroup section */

/* Begin XCBuildConfiguration section */
		61A7FD8C1A2F5FDC00F410BA /* Debug */ = {
			isa = XCBuildConfiguration;
			buildSettings = {
				ALWAYS_SEARCH_USER_PATHS = NO;
				CLANG_CXX_LANGUAGE_STANDARD = "gnu++0x";
				CLANG_CXX_LIBRARY = "libc++";
				CLANG_ENABLE_MODULES = YES;
				CLANG_ENABLE_OBJC_ARC = YES;
				CLANG_WARN_BOOL_CONVERSION = YES;
				CLANG_WARN_CONSTANT_CONVERSION = YES;
				CLANG_WARN_DIRECT_OBJC_ISA_USAGE = YES_ERROR;
				CLANG_WARN_EMPTY_BODY = YES;
				CLANG_WARN_ENUM_CONVERSION = YES;
				CLANG_WARN_INT_CONVERSION = YES;
				CLANG_WARN_OBJC_ROOT_CLASS = YES_ERROR;
				CLANG_WARN_UNREACHABLE_CODE = YES;
				CLANG_WARN__DUPLICATE_METHOD_MATCH = YES;
				"CODE_SIGN_IDENTITY[sdk=iphoneos*]" = "iPhone Developer";
				COPY_PHASE_STRIP = NO;
				ENABLE_STRICT_OBJC_MSGSEND = YES;
				GCC_C_LANGUAGE_STANDARD = gnu99;
				GCC_DYNAMIC_NO_PIC = NO;
				GCC_OPTIMIZATION_LEVEL = 0;
				GCC_PREPROCESSOR_DEFINITIONS = (
					"DEBUG=1",
					"$(inherited)",
				);
				GCC_SYMBOLS_PRIVATE_EXTERN = NO;
				GCC_WARN_64_TO_32_BIT_CONVERSION = YES;
				GCC_WARN_ABOUT_RETURN_TYPE = YES_ERROR;
				GCC_WARN_UNDECLARED_SELECTOR = YES;
				GCC_WARN_UNINITIALIZED_AUTOS = YES_AGGRESSIVE;
				GCC_WARN_UNUSED_FUNCTION = YES;
				GCC_WARN_UNUSED_VARIABLE = YES;
				IPHONEOS_DEPLOYMENT_TARGET = 8.1;
				MTL_ENABLE_DEBUG_INFO = YES;
				ONLY_ACTIVE_ARCH = YES;
				OTHER_SWIFT_FLAGS = "-D DEBUG";
				SDKROOT = iphoneos;
				SWIFT_OPTIMIZATION_LEVEL = "-Onone";
			};
			name = Debug;
		};
		61A7FD8D1A2F5FDC00F410BA /* Release */ = {
			isa = XCBuildConfiguration;
			buildSettings = {
				ALWAYS_SEARCH_USER_PATHS = NO;
				CLANG_CXX_LANGUAGE_STANDARD = "gnu++0x";
				CLANG_CXX_LIBRARY = "libc++";
				CLANG_ENABLE_MODULES = YES;
				CLANG_ENABLE_OBJC_ARC = YES;
				CLANG_WARN_BOOL_CONVERSION = YES;
				CLANG_WARN_CONSTANT_CONVERSION = YES;
				CLANG_WARN_DIRECT_OBJC_ISA_USAGE = YES_ERROR;
				CLANG_WARN_EMPTY_BODY = YES;
				CLANG_WARN_ENUM_CONVERSION = YES;
				CLANG_WARN_INT_CONVERSION = YES;
				CLANG_WARN_OBJC_ROOT_CLASS = YES_ERROR;
				CLANG_WARN_UNREACHABLE_CODE = YES;
				CLANG_WARN__DUPLICATE_METHOD_MATCH = YES;
				"CODE_SIGN_IDENTITY[sdk=iphoneos*]" = "iPhone Developer";
				COPY_PHASE_STRIP = YES;
				ENABLE_NS_ASSERTIONS = NO;
				ENABLE_STRICT_OBJC_MSGSEND = YES;
				GCC_C_LANGUAGE_STANDARD = gnu99;
				GCC_WARN_64_TO_32_BIT_CONVERSION = YES;
				GCC_WARN_ABOUT_RETURN_TYPE = YES_ERROR;
				GCC_WARN_UNDECLARED_SELECTOR = YES;
				GCC_WARN_UNINITIALIZED_AUTOS = YES_AGGRESSIVE;
				GCC_WARN_UNUSED_FUNCTION = YES;
				GCC_WARN_UNUSED_VARIABLE = YES;
				IPHONEOS_DEPLOYMENT_TARGET = 8.1;
				MTL_ENABLE_DEBUG_INFO = NO;
				OTHER_SWIFT_FLAGS = "-R RELEASE";
				SDKROOT = iphoneos;
				VALIDATE_PRODUCT = YES;
			};
			name = Release;
		};
		61A7FD8F1A2F5FDC00F410BA /* Debug */ = {
			isa = XCBuildConfiguration;
			buildSettings = {
				ASSETCATALOG_COMPILER_APPICON_NAME = AppIcon;
				ASSETCATALOG_COMPILER_LAUNCHIMAGE_NAME = LaunchImage;
				CODE_SIGN_IDENTITY = "iPhone Developer";
				"CODE_SIGN_IDENTITY[sdk=iphoneos*]" = "iPhone Developer";
				INFOPLIST_FILE = PENDREAM/Info.plist;
				IPHONEOS_DEPLOYMENT_TARGET = 7.1;
				LD_RUNPATH_SEARCH_PATHS = "$(inherited) @executable_path/Frameworks";
				LIBRARY_SEARCH_PATHS = (
					"$(inherited)",
					"$(PROJECT_DIR)/PENDREAM/Flurry",
					"$(PROJECT_DIR)/PENDREAM",
				);
				OTHER_LDFLAGS = "-ObjC";
				OTHER_SWIFT_FLAGS = "-D DEBUG";
				PRODUCT_NAME = "$(TARGET_NAME)";
				PROVISIONING_PROFILE = "";
				SWIFT_OBJC_BRIDGING_HEADER = /Users/ukn/Documents/iOS/PENDREAM/PENDREAM/BridgeHeader.h;
			};
			name = Debug;
		};
		61A7FD901A2F5FDC00F410BA /* Release */ = {
			isa = XCBuildConfiguration;
			buildSettings = {
				ASSETCATALOG_COMPILER_APPICON_NAME = AppIcon;
				ASSETCATALOG_COMPILER_LAUNCHIMAGE_NAME = LaunchImage;
				CODE_SIGN_IDENTITY = "iPhone Developer";
				"CODE_SIGN_IDENTITY[sdk=iphoneos*]" = "iPhone Developer";
				INFOPLIST_FILE = PENDREAM/Info.plist;
				IPHONEOS_DEPLOYMENT_TARGET = 7.1;
				LD_RUNPATH_SEARCH_PATHS = "$(inherited) @executable_path/Frameworks";
				LIBRARY_SEARCH_PATHS = (
					"$(inherited)",
					"$(PROJECT_DIR)/PENDREAM/Flurry",
					"$(PROJECT_DIR)/PENDREAM",
				);
				OTHER_LDFLAGS = "-ObjC";
				OTHER_SWIFT_FLAGS = "-R RELEASE";
				PRODUCT_NAME = "$(TARGET_NAME)";
				PROVISIONING_PROFILE = "";
				SWIFT_OBJC_BRIDGING_HEADER = /Users/ukn/Documents/iOS/PENDREAM/PENDREAM/BridgeHeader.h;
			};
			name = Release;
		};
		61A7FD921A2F5FDC00F410BA /* Debug */ = {
			isa = XCBuildConfiguration;
			buildSettings = {
				BUNDLE_LOADER = "$(TEST_HOST)";
				FRAMEWORK_SEARCH_PATHS = (
					"$(SDKROOT)/Developer/Library/Frameworks",
					"$(inherited)",
				);
				GCC_PREPROCESSOR_DEFINITIONS = (
					"DEBUG=1",
					"$(inherited)",
				);
				INFOPLIST_FILE = PENDREAMTests/Info.plist;
				LD_RUNPATH_SEARCH_PATHS = "$(inherited) @executable_path/Frameworks @loader_path/Frameworks";
				PRODUCT_NAME = "$(TARGET_NAME)";
				TEST_HOST = "$(BUILT_PRODUCTS_DIR)/PENDREAM.app/PENDREAM";
			};
			name = Debug;
		};
		61A7FD931A2F5FDC00F410BA /* Release */ = {
			isa = XCBuildConfiguration;
			buildSettings = {
				BUNDLE_LOADER = "$(TEST_HOST)";
				FRAMEWORK_SEARCH_PATHS = (
					"$(SDKROOT)/Developer/Library/Frameworks",
					"$(inherited)",
				);
				INFOPLIST_FILE = PENDREAMTests/Info.plist;
				LD_RUNPATH_SEARCH_PATHS = "$(inherited) @executable_path/Frameworks @loader_path/Frameworks";
				PRODUCT_NAME = "$(TARGET_NAME)";
				TEST_HOST = "$(BUILT_PRODUCTS_DIR)/PENDREAM.app/PENDREAM";
			};
			name = Release;
		};
/* End XCBuildConfiguration section */

/* Begin XCConfigurationList section */
		61A7FD661A2F5FDB00F410BA /* Build configuration list for PBXProject "PENDREAM" */ = {
			isa = XCConfigurationList;
			buildConfigurations = (
				61A7FD8C1A2F5FDC00F410BA /* Debug */,
				61A7FD8D1A2F5FDC00F410BA /* Release */,
			);
			defaultConfigurationIsVisible = 0;
			defaultConfigurationName = Release;
		};
		61A7FD8E1A2F5FDC00F410BA /* Build configuration list for PBXNativeTarget "PENDREAM" */ = {
			isa = XCConfigurationList;
			buildConfigurations = (
				61A7FD8F1A2F5FDC00F410BA /* Debug */,
				61A7FD901A2F5FDC00F410BA /* Release */,
			);
			defaultConfigurationIsVisible = 0;
			defaultConfigurationName = Release;
		};
		61A7FD911A2F5FDC00F410BA /* Build configuration list for PBXNativeTarget "PENDREAMTests" */ = {
			isa = XCConfigurationList;
			buildConfigurations = (
				61A7FD921A2F5FDC00F410BA /* Debug */,
				61A7FD931A2F5FDC00F410BA /* Release */,
			);
			defaultConfigurationIsVisible = 0;
			defaultConfigurationName = Release;
		};
/* End XCConfigurationList section */
	};
	rootObject = 61A7FD631A2F5FDB00F410BA /* Project object */;
}
